
Microsoft Visual Studio Solution File, Format Version 12.00
# Visual Studio Version 17
VisualStudioVersion = 17.4.33213.308
MinimumVisualStudioVersion = 10.0.40219.1
Project("{9A19103F-16F7-4668-BE54-9A1E7A4F7556}") = "AbuEhab.EFSystem.DataLayer", "AbuEhab.EFSystem.DataLayer\AbuEhab.EFSystem.DataLayer.csproj", "{B176F0DB-882F-4D67-960F-641863ED8A5A}"
EndProject
Project("{9A19103F-16F7-4668-BE54-9A1E7A4F7556}") = "AbuEhab.EFSystem.UILayer", "AbuEhab.EFSystem.UILayer\AbuEhab.EFSystem.UILayer.csproj", "{96DFCEAD-C01B-4AE2-BFEA-9D10DE48410D}"
EndProject
Global
	GlobalSection(SolutionConfigurationPlatforms) = preSolution
		Debug|Any CPU = Debug|Any CPU
		Release|Any CPU = Release|Any CPU
	EndGlobalSection
	GlobalSection(ProjectConfigurationPlatforms) = postSolution
		{B176F0DB-882F-4D67-960F-641863ED8A5A}.Debug|Any CPU.ActiveCfg = Debug|Any CPU
		{B176F0DB-882F-4D67-960F-641863ED8A5A}.Debug|Any CPU.Build.0 = Debug|Any CPU
		{B176F0DB-882F-4D67-960F-641863ED8A5A}.Release|Any CPU.ActiveCfg = Release|Any CPU
		{B176F0DB-882F-4D67-960F-641863ED8A5A}.Release|Any CPU.Build.0 = Release|Any CPU
		{96DFCEAD-C01B-4AE2-BFEA-9D10DE48410D}.Debug|Any CPU.ActiveCfg = Debug|Any CPU
		{96DFCEAD-C01B-4AE2-BFEA-9D10DE48410D}.Debug|Any CPU.Build.0 = Debug|Any CPU
		{96DFCEAD-C01B-4AE2-BFEA-9D10DE48410D}.Release|Any CPU.ActiveCfg = Release|Any CPU
		{96DFCEAD-C01B-4AE2-BFEA-9D10DE48410D}.Release|Any CPU.Build.0 = Release|Any CPU
	EndGlobalSection
	GlobalSection(SolutionProperties) = preSolution
		HideSolutionNode = FALSE
	EndGlobalSection
	GlobalSection(ExtensibilityGlobals) = postSolution
		SolutionGuid = {2A044427-414F-4276-B107-FF02DBB166A6}
	EndGlobalSection
EndGlobal
